
Microsoft Visual Studio Solution File, Format Version 12.00
# Visual Studio Version 16
VisualStudioVersion = 16.0.30114.105
MinimumVisualStudioVersion = 10.0.40219.1
Project("{9A19103F-16F7-4668-BE54-9A1E7A4F7556}") = "Producer", "Producer\Producer.csproj", "{0500B73D-881A-44E7-98A9-1D5EB1478F19}"
EndProject
Project("{FAE04EC0-301F-11D3-BF4B-00C04F79EFBC}") = "Consumer", "Consumer\Consumer.csproj", "{D0D6CF48-C805-44F1-B563-9FDEA67CEFB7}"
EndProject
Global
	GlobalSection(SolutionConfigurationPlatforms) = preSolution
		Debug|Any CPU = Debug|Any CPU
		Release|Any CPU = Release|Any CPU
	EndGlobalSection
	GlobalSection(ProjectConfigurationPlatforms) = postSolution
		{0500B73D-881A-44E7-98A9-1D5EB1478F19}.Debug|Any CPU.ActiveCfg = Debug|Any CPU
		{0500B73D-881A-44E7-98A9-1D5EB1478F19}.Debug|Any CPU.Build.0 = Debug|Any CPU
		{0500B73D-881A-44E7-98A9-1D5EB1478F19}.Release|Any CPU.ActiveCfg = Release|Any CPU
		{0500B73D-881A-44E7-98A9-1D5EB1478F19}.Release|Any CPU.Build.0 = Release|Any CPU
		{D0D6CF48-C805-44F1-B563-9FDEA67CEFB7}.Debug|Any CPU.ActiveCfg = Debug|Any CPU
		{D0D6CF48-C805-44F1-B563-9FDEA67CEFB7}.Debug|Any CPU.Build.0 = Debug|Any CPU
		{D0D6CF48-C805-44F1-B563-9FDEA67CEFB7}.Release|Any CPU.ActiveCfg = Release|Any CPU
		{D0D6CF48-C805-44F1-B563-9FDEA67CEFB7}.Release|Any CPU.Build.0 = Release|Any CPU
	EndGlobalSection
	GlobalSection(SolutionProperties) = preSolution
		HideSolutionNode = FALSE
	EndGlobalSection
	GlobalSection(ExtensibilityGlobals) = postSolution
		SolutionGuid = {B21B2648-4114-40EB-9C8B-450A32CAEC3C}
	EndGlobalSection
EndGlobal
